
Microsoft Visual Studio Solution File, Format Version 12.00
# Visual Studio Version 16
VisualStudioVersion = 16.0.29326.143
MinimumVisualStudioVersion = 10.0.40219.1
Project("{FAE04EC0-301F-11D3-BF4B-00C04F79EFBC}") = "Nucleus.Gaming.Unsafe", "Nucleus.Gaming.Unsafe\Nucleus.Gaming.Unsafe.csproj", "{AFC00426-C357-4488-A19E-FE9AE5A20F04}"
EndProject
Project("{FAE04EC0-301F-11D3-BF4B-00C04F79EFBC}") = "Nucleus.TaskApp", "Nucleus.TaskApp\Nucleus.TaskApp.csproj", "{36C1386F-95FD-49A3-AB12-A20C03ABB5B5}"
EndProject
Project("{FAE04EC0-301F-11D3-BF4B-00C04F79EFBC}") = "NucleusDotNet.NETFramework", "Nucleus.Gaming\NucleusDotNet.NETFramework.csproj", "{223DBDAE-E362-452C-9455-F518D002B154}"
EndProject
Project("{9A19103F-16F7-4668-BE54-9A1E7A4F7556}") = "NucleusDotNet.NETCore", "Nucleus.Gaming\NucleusDotNet.NETCore.csproj", "{E7C19EC7-6A73-4461-854D-26B7CA14F22F}"
EndProject
Global
	GlobalSection(SolutionConfigurationPlatforms) = preSolution
		Debug|Any CPU = Debug|Any CPU
		Release|Any CPU = Release|Any CPU
		TestDebug|Any CPU = TestDebug|Any CPU
	EndGlobalSection
	GlobalSection(ProjectConfigurationPlatforms) = postSolution
		{AFC00426-C357-4488-A19E-FE9AE5A20F04}.Debug|Any CPU.ActiveCfg = Debug|Any CPU
		{AFC00426-C357-4488-A19E-FE9AE5A20F04}.Debug|Any CPU.Build.0 = Debug|Any CPU
		{AFC00426-C357-4488-A19E-FE9AE5A20F04}.Release|Any CPU.ActiveCfg = Release|Any CPU
		{AFC00426-C357-4488-A19E-FE9AE5A20F04}.Release|Any CPU.Build.0 = Release|Any CPU
		{AFC00426-C357-4488-A19E-FE9AE5A20F04}.TestDebug|Any CPU.ActiveCfg = Debug|Any CPU
		{AFC00426-C357-4488-A19E-FE9AE5A20F04}.TestDebug|Any CPU.Build.0 = Debug|Any CPU
		{36C1386F-95FD-49A3-AB12-A20C03ABB5B5}.Debug|Any CPU.ActiveCfg = Debug|Any CPU
		{36C1386F-95FD-49A3-AB12-A20C03ABB5B5}.Debug|Any CPU.Build.0 = Debug|Any CPU
		{36C1386F-95FD-49A3-AB12-A20C03ABB5B5}.Release|Any CPU.ActiveCfg = Release|Any CPU
		{36C1386F-95FD-49A3-AB12-A20C03ABB5B5}.Release|Any CPU.Build.0 = Release|Any CPU
		{36C1386F-95FD-49A3-AB12-A20C03ABB5B5}.TestDebug|Any CPU.ActiveCfg = Debug|Any CPU
		{36C1386F-95FD-49A3-AB12-A20C03ABB5B5}.TestDebug|Any CPU.Build.0 = Debug|Any CPU
		{223DBDAE-E362-452C-9455-F518D002B154}.Debug|Any CPU.ActiveCfg = Debug|Any CPU
		{223DBDAE-E362-452C-9455-F518D002B154}.Debug|Any CPU.Build.0 = Debug|Any CPU
		{223DBDAE-E362-452C-9455-F518D002B154}.Release|Any CPU.ActiveCfg = Release|Any CPU
		{223DBDAE-E362-452C-9455-F518D002B154}.Release|Any CPU.Build.0 = Release|Any CPU
		{223DBDAE-E362-452C-9455-F518D002B154}.TestDebug|Any CPU.ActiveCfg = TestDebug|Any CPU
		{223DBDAE-E362-452C-9455-F518D002B154}.TestDebug|Any CPU.Build.0 = TestDebug|Any CPU
		{E7C19EC7-6A73-4461-854D-26B7CA14F22F}.Debug|Any CPU.ActiveCfg = Debug|Any CPU
		{E7C19EC7-6A73-4461-854D-26B7CA14F22F}.Debug|Any CPU.Build.0 = Debug|Any CPU
		{E7C19EC7-6A73-4461-854D-26B7CA14F22F}.Release|Any CPU.ActiveCfg = Release|Any CPU
		{E7C19EC7-6A73-4461-854D-26B7CA14F22F}.Release|Any CPU.Build.0 = Release|Any CPU
		{E7C19EC7-6A73-4461-854D-26B7CA14F22F}.TestDebug|Any CPU.ActiveCfg = Debug|Any CPU
		{E7C19EC7-6A73-4461-854D-26B7CA14F22F}.TestDebug|Any CPU.Build.0 = Debug|Any CPU
	EndGlobalSection
	GlobalSection(SolutionProperties) = preSolution
		HideSolutionNode = FALSE
	EndGlobalSection
	GlobalSection(ExtensibilityGlobals) = postSolution
		SolutionGuid = {F4A1E0D2-0270-40B5-85DF-C236F1C2EED4}
	EndGlobalSection
EndGlobal
